
Microsoft Visual Studio Solution File, Format Version 12.00
# Visual Studio Version 16
VisualStudioVersion = 16.0.32802.440
MinimumVisualStudioVersion = 10.0.40219.1
Project("{8BC9CEB8-8B4A-11D0-8D11-00A0C91BC942}") = "Test_10_12", "Test_10_12\Test_10_12.vcxproj", "{EA201A32-9B46-44B7-ACAC-9BED27E1999D}"
EndProject
Global
	GlobalSection(SolutionConfigurationPlatforms) = preSolution
		Debug|x64 = Debug|x64
		Debug|x86 = Debug|x86
		Release|x64 = Release|x64
		Release|x86 = Release|x86
	EndGlobalSection
	GlobalSection(ProjectConfigurationPlatforms) = postSolution
		{EA201A32-9B46-44B7-ACAC-9BED27E1999D}.Debug|x64.ActiveCfg = Debug|x64
		{EA201A32-9B46-44B7-ACAC-9BED27E1999D}.Debug|x64.Build.0 = Debug|x64
		{EA201A32-9B46-44B7-ACAC-9BED27E1999D}.Debug|x86.ActiveCfg = Debug|Win32
		{EA201A32-9B46-44B7-ACAC-9BED27E1999D}.Debug|x86.Build.0 = Debug|Win32
		{EA201A32-9B46-44B7-ACAC-9BED27E1999D}.Release|x64.ActiveCfg = Release|x64
		{EA201A32-9B46-44B7-ACAC-9BED27E1999D}.Release|x64.Build.0 = Release|x64
		{EA201A32-9B46-44B7-ACAC-9BED27E1999D}.Release|x86.ActiveCfg = Release|Win32
		{EA201A32-9B46-44B7-ACAC-9BED27E1999D}.Release|x86.Build.0 = Release|Win32
	EndGlobalSection
	GlobalSection(SolutionProperties) = preSolution
		HideSolutionNode = FALSE
	EndGlobalSection
	GlobalSection(ExtensibilityGlobals) = postSolution
		SolutionGuid = {2B0FB0BE-1464-4259-BE9C-2FD587A19C65}
	EndGlobalSection
EndGlobal
