
Microsoft Visual Studio Solution File, Format Version 12.00
# Visual Studio Version 16
VisualStudioVersion = 16.0.32413.511
MinimumVisualStudioVersion = 10.0.40219.1
Project("{8BC9CEB8-8B4A-11D0-8D11-00A0C91BC942}") = "test_8_23", "test_8_23\test_8_23.vcxproj", "{827CD4A0-79E5-4EDA-80BB-FEDBB7265BC3}"
EndProject
Global
	GlobalSection(SolutionConfigurationPlatforms) = preSolution
		Debug|x64 = Debug|x64
		Debug|x86 = Debug|x86
		Release|x64 = Release|x64
		Release|x86 = Release|x86
	EndGlobalSection
	GlobalSection(ProjectConfigurationPlatforms) = postSolution
		{827CD4A0-79E5-4EDA-80BB-FEDBB7265BC3}.Debug|x64.ActiveCfg = Debug|x64
		{827CD4A0-79E5-4EDA-80BB-FEDBB7265BC3}.Debug|x64.Build.0 = Debug|x64
		{827CD4A0-79E5-4EDA-80BB-FEDBB7265BC3}.Debug|x86.ActiveCfg = Debug|Win32
		{827CD4A0-79E5-4EDA-80BB-FEDBB7265BC3}.Debug|x86.Build.0 = Debug|Win32
		{827CD4A0-79E5-4EDA-80BB-FEDBB7265BC3}.Release|x64.ActiveCfg = Release|x64
		{827CD4A0-79E5-4EDA-80BB-FEDBB7265BC3}.Release|x64.Build.0 = Release|x64
		{827CD4A0-79E5-4EDA-80BB-FEDBB7265BC3}.Release|x86.ActiveCfg = Release|Win32
		{827CD4A0-79E5-4EDA-80BB-FEDBB7265BC3}.Release|x86.Build.0 = Release|Win32
	EndGlobalSection
	GlobalSection(SolutionProperties) = preSolution
		HideSolutionNode = FALSE
	EndGlobalSection
	GlobalSection(ExtensibilityGlobals) = postSolution
		SolutionGuid = {93C35F0E-5492-441A-B25B-868F919822CC}
	EndGlobalSection
EndGlobal
